{
  "name": "ts",
  "version": "1.0.0",
  "lockfileVersion": 2,
  "requires": true,
  "packages": {
    "": {
      "name": "ts",
      "version": "1.0.0",
      "license": "ISC",
      "devDependencies": {
        "@types/node": "^22.7.5"
      }
    },
    "node_modules/@types/node": {
      "version": "22.7.5",
      "resolved": "https://r.npm.sankuai.com/@types/node/download/@types/node-22.7.5.tgz",
      "integrity": "sha1-z96YFyenqzYRpIFRC0c65URCuSs=",
      "dev": true,
      "license": "MIT",
      "dependencies": {
        "undici-types": "~6.19.2"
      }
    },
    "node_modules/undici-types": {
      "version": "6.19.8",
      "resolved": "https://r.npm.sankuai.com/undici-types/download/undici-types-6.19.8.tgz",
      "integrity": "sha1-NREcnRQ3q4OnzcCrri8m2I7aCgI=",
      "dev": true,
      "license": "MIT"
    }
  },
  "dependencies": {
    "@types/node": {
      "version": "22.7.5",
      "resolved": "https://r.npm.sankuai.com/@types/node/download/@types/node-22.7.5.tgz",
      "integrity": "sha1-z96YFyenqzYRpIFRC0c65URCuSs=",
      "dev": true,
      "requires": {
        "undici-types": "~6.19.2"
      }
    },
    "undici-types": {
      "version": "6.19.8",
      "resolved": "https://r.npm.sankuai.com/undici-types/download/undici-types-6.19.8.tgz",
      "integrity": "sha1-NREcnRQ3q4OnzcCrri8m2I7aCgI=",
      "dev": true
    }
  }
}
